PODS:
  - Capacitor (5.5.0):
    - CapacitorCordova
  - CapacitorClipboard (5.0.6):
    - Capacitor
  - CapacitorCordova (5.5.0)

DEPENDENCIES:
  - "Capacitor (from `../../node_modules/@capacitor/ios`)"
  - "CapacitorClipboard (from `../../node_modules/@capacitor/clipboard`)"
  - "CapacitorCordova (from `../../node_modules/@capacitor/ios`)"

EXTERNAL SOURCES:
  Capacitor:
    :path: "../../node_modules/@capacitor/ios"
  CapacitorClipboard:
    :path: "../../node_modules/@capacitor/clipboard"
  CapacitorCordova:
    :path: "../../node_modules/@capacitor/ios"

SPEC CHECKSUMS:
  Capacitor: 57890b363df14d5d2d5d8461aa23e886cb34da2a
  CapacitorClipboard: 77edf49827ea21da2a9c05c690a4a6a4d07199c4
  CapacitorCordova: 3d3908a3d208a11a75f9df3b18c4405c4de76e1d

PODFILE CHECKSUM: e6b4636b7b2536d0af5f3897cb90f33a76ec8931

COCOAPODS: 1.12.1
